
Microsoft Visual Studio Solution File, Format Version 12.00
# Visual Studio Version 17
VisualStudioVersion = 17.2.32526.322
MinimumVisualStudioVersion = 10.0.40219.1
Project("{9A19103F-16F7-4668-BE54-9A1E7A4F7556}") = "ServerAsync", "ServerAsync\ServerAsync.csproj", "{77DA4040-9AE7-4CA3-A5E5-FC1285DFBF39}"
EndProject
Project("{FAE04EC0-301F-11D3-BF4B-00C04F79EFBC}") = "ServerAsyncTAP", "..\ServerAsyncTAP\ServerAsyncTAP.csproj", "{49444155-259E-4097-A04D-ECE6DE0887C6}"
EndProject
Global
	GlobalSection(SolutionConfigurationPlatforms) = preSolution
		Debug|Any CPU = Debug|Any CPU
		Release|Any CPU = Release|Any CPU
	EndGlobalSection
	GlobalSection(ProjectConfigurationPlatforms) = postSolution
		{77DA4040-9AE7-4CA3-A5E5-FC1285DFBF39}.Debug|Any CPU.ActiveCfg = Debug|Any CPU
		{77DA4040-9AE7-4CA3-A5E5-FC1285DFBF39}.Debug|Any CPU.Build.0 = Debug|Any CPU
		{77DA4040-9AE7-4CA3-A5E5-FC1285DFBF39}.Release|Any CPU.ActiveCfg = Release|Any CPU
		{77DA4040-9AE7-4CA3-A5E5-FC1285DFBF39}.Release|Any CPU.Build.0 = Release|Any CPU
		{49444155-259E-4097-A04D-ECE6DE0887C6}.Debug|Any CPU.ActiveCfg = Debug|Any CPU
		{49444155-259E-4097-A04D-ECE6DE0887C6}.Debug|Any CPU.Build.0 = Debug|Any CPU
		{49444155-259E-4097-A04D-ECE6DE0887C6}.Release|Any CPU.ActiveCfg = Release|Any CPU
		{49444155-259E-4097-A04D-ECE6DE0887C6}.Release|Any CPU.Build.0 = Release|Any CPU
	EndGlobalSection
	GlobalSection(SolutionProperties) = preSolution
		HideSolutionNode = FALSE
	EndGlobalSection
	GlobalSection(ExtensibilityGlobals) = postSolution
		SolutionGuid = {FD50429F-ED30-430F-866F-7924AEAF2C58}
	EndGlobalSection
EndGlobal
