
Microsoft Visual Studio Solution File, Format Version 12.00
# Visual Studio Version 17
VisualStudioVersion = 17.2.32526.322
MinimumVisualStudioVersion = 10.0.40219.1
Project("{FAE04EC0-301F-11D3-BF4B-00C04F79EFBC}") = "ConsoleApp", "ConsoleApp\ConsoleApp.csproj", "{999A7665-CA4E-4B80-B894-B63988CF4AF3}"
EndProject
Global
	GlobalSection(SolutionConfigurationPlatforms) = preSolution
		Debug|Any CPU = Debug|Any CPU
		Release|Any CPU = Release|Any CPU
	EndGlobalSection
	GlobalSection(ProjectConfigurationPlatforms) = postSolution
		{999A7665-CA4E-4B80-B894-B63988CF4AF3}.Debug|Any CPU.ActiveCfg = Debug|Any CPU
		{999A7665-CA4E-4B80-B894-B63988CF4AF3}.Debug|Any CPU.Build.0 = Debug|Any CPU
		{999A7665-CA4E-4B80-B894-B63988CF4AF3}.Release|Any CPU.ActiveCfg = Release|Any CPU
		{999A7665-CA4E-4B80-B894-B63988CF4AF3}.Release|Any CPU.Build.0 = Release|Any CPU
	EndGlobalSection
	GlobalSection(SolutionProperties) = preSolution
		HideSolutionNode = FALSE
	EndGlobalSection
	GlobalSection(ExtensibilityGlobals) = postSolution
		SolutionGuid = {D4083E2A-8D44-4788-9513-2C3BA653D2A9}
	EndGlobalSection
EndGlobal
