
Microsoft Visual Studio Solution File, Format Version 12.00
# Visual Studio Version 17
VisualStudioVersion = 17.2.32526.322
MinimumVisualStudioVersion = 10.0.40219.1
Project("{FAE04EC0-301F-11D3-BF4B-00C04F79EFBC}") = "ServerUDPClockAsync", "ServerUDPClockAsync\ServerUDPClockAsync.csproj", "{85DFA1D3-B686-4B68-8281-720EBF37803D}"
EndProject
Project("{FAE04EC0-301F-11D3-BF4B-00C04F79EFBC}") = "ClientUDPClockAsync", "..\ClientUDPClockAsync\ClientUDPClockAsync.csproj", "{72E81B9F-D3F0-4182-B2C5-3E76D0ADB167}"
EndProject
Global
	GlobalSection(SolutionConfigurationPlatforms) = preSolution
		Debug|Any CPU = Debug|Any CPU
		Release|Any CPU = Release|Any CPU
	EndGlobalSection
	GlobalSection(ProjectConfigurationPlatforms) = postSolution
		{85DFA1D3-B686-4B68-8281-720EBF37803D}.Debug|Any CPU.ActiveCfg = Debug|Any CPU
		{85DFA1D3-B686-4B68-8281-720EBF37803D}.Debug|Any CPU.Build.0 = Debug|Any CPU
		{85DFA1D3-B686-4B68-8281-720EBF37803D}.Release|Any CPU.ActiveCfg = Release|Any CPU
		{85DFA1D3-B686-4B68-8281-720EBF37803D}.Release|Any CPU.Build.0 = Release|Any CPU
		{72E81B9F-D3F0-4182-B2C5-3E76D0ADB167}.Debug|Any CPU.ActiveCfg = Debug|Any CPU
		{72E81B9F-D3F0-4182-B2C5-3E76D0ADB167}.Debug|Any CPU.Build.0 = Debug|Any CPU
		{72E81B9F-D3F0-4182-B2C5-3E76D0ADB167}.Release|Any CPU.ActiveCfg = Release|Any CPU
		{72E81B9F-D3F0-4182-B2C5-3E76D0ADB167}.Release|Any CPU.Build.0 = Release|Any CPU
	EndGlobalSection
	GlobalSection(SolutionProperties) = preSolution
		HideSolutionNode = FALSE
	EndGlobalSection
	GlobalSection(ExtensibilityGlobals) = postSolution
		SolutionGuid = {5855540E-7E4D-49C5-90F9-EA84D1974FA3}
	EndGlobalSection
EndGlobal
